// !$*UTF8*$!
{
	archiveVersion = 1;
	classes = {
	};
	objectVersion = 46;
	objects = {

/* Begin PBXBuildFile section */
		193632911A8FF8FF0022DCEF /* ProcessButtonUtil.swift in Sources */ = {isa = PBXBuildFile; fileRef = 193632901A8FF8FF0022DCEF /* ProcessButtonUtil.swift */; };
		194E81F91A86FF06005E8AA6 /* AppDelegate.swift in Sources */ = {isa = PBXBuildFile; fileRef = 194E81F81A86FF06005E8AA6 /* AppDelegate.swift */; };
		194E81FB1A86FF06005E8AA6 /* ViewController.swift in Sources */ = {isa = PBXBuildFile; fileRef = 194E81FA1A86FF06005E8AA6 /* ViewController.swift */; };
		194E81FE1A86FF06005E8AA6 /* Main.storyboard in Resources */ = {isa = PBXBuildFile; fileRef = 194E81FC1A86FF06005E8AA6 /* Main.storyboard */; };
		194E82001A86FF06005E8AA6 /* Images.xcassets in Resources */ = {isa = PBXBuildFile; fileRef = 194E81FF1A86FF06005E8AA6 /* Images.xcassets */; };
		194E820F1A86FF06005E8AA6 /* ProcessButtonTests.swift in Sources */ = {isa = PBXBuildFile; fileRef = 194E820E1A86FF06005E8AA6 /* ProcessButtonTests.swift */; };
		194E821B1A86FF8E005E8AA6 /* Util.swift in Sources */ = {isa = PBXBuildFile; fileRef = 194E821A1A86FF8E005E8AA6 /* Util.swift */; };
		194E821D1A86FFF8005E8AA6 /* FlatButton.swift in Sources */ = {isa = PBXBuildFile; fileRef = 194E821C1A86FFF8005E8AA6 /* FlatButton.swift */; };
		194E821F1A870025005E8AA6 /* ProcessButton.swift in Sources */ = {isa = PBXBuildFile; fileRef = 194E821E1A870025005E8AA6 /* ProcessButton.swift */; };
		194E82211A870069005E8AA6 /* ProcessView.swift in Sources */ = {isa = PBXBuildFile; fileRef = 194E82201A870069005E8AA6 /* ProcessView.swift */; };
/* End PBXBuildFile section */

/* Begin PBXContainerItemProxy section */
		194E82091A86FF06005E8AA6 /* PBXContainerItemProxy */ = {
			isa = PBXContainerItemProxy;
			containerPortal = 194E81EB1A86FF06005E8AA6 /* Project object */;
			proxyType = 1;
			remoteGlobalIDString = 194E81F21A86FF06005E8AA6;
			remoteInfo = ProcessButton;
		};
/* End PBXContainerItemProxy section */

/* Begin PBXFileReference section */
		193632901A8FF8FF0022DCEF /* ProcessButtonUtil.swift */ = {isa = PBXFileReference; fileEncoding = 4; lastKnownFileType = sourcecode.swift; path = ProcessButtonUtil.swift; sourceTree = "<group>"; };
		194E81F31A86FF06005E8AA6 /* ProcessButton.app */ = {isa = PBXFileReference; explicitFileType = wrapper.application; includeInIndex = 0; path = ProcessButton.app; sourceTree = BUILT_PRODUCTS_DIR; };
		194E81F71A86FF06005E8AA6 /* Info.plist */ = {isa = PBXFileReference; lastKnownFileType = text.plist.xml; path = Info.plist; sourceTree = "<group>"; };
		194E81F81A86FF06005E8AA6 /* AppDelegate.swift */ = {isa = PBXFileReference; lastKnownFileType = sourcecode.swift; path = AppDelegate.swift; sourceTree = "<group>"; };
		194E81FA1A86FF06005E8AA6 /* ViewController.swift */ = {isa = PBXFileReference; lastKnownFileType = sourcecode.swift; path = ViewController.swift; sourceTree = "<group>"; };
		194E81FD1A86FF06005E8AA6 /* Base */ = {isa = PBXFileReference; lastKnownFileType = file.storyboard; name = Base; path = Base.lproj/Main.storyboard; sourceTree = "<group>"; };
		194E81FF1A86FF06005E8AA6 /* Images.xcassets */ = {isa = PBXFileReference; lastKnownFileType = folder.assetcatalog; path = Images.xcassets; sourceTree = "<group>"; };
		194E82081A86FF06005E8AA6 /* ProcessButtonTests.xctest */ = {isa = PBXFileReference; explicitFileType = wrapper.cfbundle; includeInIndex = 0; path = ProcessButtonTests.xctest; sourceTree = BUILT_PRODUCTS_DIR; };
		194E820D1A86FF06005E8AA6 /* Info.plist */ = {isa = PBXFileReference; lastKnownFileType = text.plist.xml; path = Info.plist; sourceTree = "<group>"; };
		194E820E1A86FF06005E8AA6 /* ProcessButtonTests.swift */ = {isa = PBXFileReference; lastKnownFileType = sourcecode.swift; path = ProcessButtonTests.swift; sourceTree = "<group>"; };
		194E821A1A86FF8E005E8AA6 /* Util.swift */ = {isa = PBXFileReference; fileEncoding = 4; lastKnownFileType = sourcecode.swift; name = Util.swift; path = Util/Util.swift; sourceTree = "<group>"; };
		194E821C1A86FFF8005E8AA6 /* FlatButton.swift */ = {isa = PBXFileReference; fileEncoding = 4; lastKnownFileType = sourcecode.swift; name = FlatButton.swift; path = ProcessButton/FlatButton.swift; sourceTree = "<group>"; };
		194E821E1A870025005E8AA6 /* ProcessButton.swift */ = {isa = PBXFileReference; fileEncoding = 4; lastKnownFileType = sourcecode.swift; name = ProcessButton.swift; path = ProcessButton/ProcessButton.swift; sourceTree = "<group>"; };
		194E82201A870069005E8AA6 /* ProcessView.swift */ = {isa = PBXFileReference; fileEncoding = 4; lastKnownFileType = sourcecode.swift; name = ProcessView.swift; path = ProcessButton/ProcessView.swift; sourceTree = "<group>"; };
/* End PBXFileReference section */

/* Begin PBXFrameworksBuildPhase section */
		194E81F01A86FF06005E8AA6 /* Frameworks */ = {
			isa = PBXFrameworksBuildPhase;
			buildActionMask = 2147483647;
			files = (
			);
			runOnlyForDeploymentPostprocessing = 0;
		};
		194E82051A86FF06005E8AA6 /* Frameworks */ = {
			isa = PBXFrameworksBuildPhase;
			buildActionMask = 2147483647;
			files = (
			);
			runOnlyForDeploymentPostprocessing = 0;
		};
/* End PBXFrameworksBuildPhase section */

/* Begin PBXGroup section */
		194E81EA1A86FF06005E8AA6 = {
			isa = PBXGroup;
			children = (
				194E81F51A86FF06005E8AA6 /* ProcessButton */,
				194E820B1A86FF06005E8AA6 /* ProcessButtonTests */,
				194E81F41A86FF06005E8AA6 /* Products */,
			);
			sourceTree = "<group>";
		};
		194E81F41A86FF06005E8AA6 /* Products */ = {
			isa = PBXGroup;
			children = (
				194E81F31A86FF06005E8AA6 /* ProcessButton.app */,
				194E82081A86FF06005E8AA6 /* ProcessButtonTests.xctest */,
			);
			name = Products;
			sourceTree = "<group>";
		};
		194E81F51A86FF06005E8AA6 /* ProcessButton */ = {
			isa = PBXGroup;
			children = (
				194E82191A86FF6D005E8AA6 /* Util */,
				194E82181A86FF64005E8AA6 /* ProcessButton */,
				194E81F81A86FF06005E8AA6 /* AppDelegate.swift */,
				194E81FA1A86FF06005E8AA6 /* ViewController.swift */,
				194E81FC1A86FF06005E8AA6 /* Main.storyboard */,
				194E81FF1A86FF06005E8AA6 /* Images.xcassets */,
				194E81F61A86FF06005E8AA6 /* Supporting Files */,
			);
			path = ProcessButton;
			sourceTree = "<group>";
		};
		194E81F61A86FF06005E8AA6 /* Supporting Files */ = {
			isa = PBXGroup;
			children = (
				194E81F71A86FF06005E8AA6 /* Info.plist */,
			);
			name = "Supporting Files";
			sourceTree = "<group>";
		};
		194E820B1A86FF06005E8AA6 /* ProcessButtonTests */ = {
			isa = PBXGroup;
			children = (
				194E820E1A86FF06005E8AA6 /* ProcessButtonTests.swift */,
				194E820C1A86FF06005E8AA6 /* Supporting Files */,
			);
			path = ProcessButtonTests;
			sourceTree = "<group>";
		};
		194E820C1A86FF06005E8AA6 /* Supporting Files */ = {
			isa = PBXGroup;
			children = (
				194E820D1A86FF06005E8AA6 /* Info.plist */,
			);
			name = "Supporting Files";
			sourceTree = "<group>";
		};
		194E82181A86FF64005E8AA6 /* ProcessButton */ = {
			isa = PBXGroup;
			children = (
				194E821C1A86FFF8005E8AA6 /* FlatButton.swift */,
				194E821E1A870025005E8AA6 /* ProcessButton.swift */,
				194E82201A870069005E8AA6 /* ProcessView.swift */,
				193632901A8FF8FF0022DCEF /* ProcessButtonUtil.swift */,
			);
			name = ProcessButton;
			sourceTree = "<group>";
		};
		194E82191A86FF6D005E8AA6 /* Util */ = {
			isa = PBXGroup;
			children = (
				194E821A1A86FF8E005E8AA6 /* Util.swift */,
			);
			name = Util;
			sourceTree = "<group>";
		};
/* End PBXGroup section */

/* Begin PBXNativeTarget section */
		194E81F21A86FF06005E8AA6 /* ProcessButton */ = {
			isa = PBXNativeTarget;
			buildConfigurationList = 194E82121A86FF06005E8AA6 /* Build configuration list for PBXNativeTarget "ProcessButton" */;
			buildPhases = (
				194E81EF1A86FF06005E8AA6 /* Sources */,
				194E81F01A86FF06005E8AA6 /* Frameworks */,
				194E81F11A86FF06005E8AA6 /* Resources */,
			);
			buildRules = (
			);
			dependencies = (
			);
			name = ProcessButton;
			productName = ProcessButton;
			productReference = 194E81F31A86FF06005E8AA6 /* ProcessButton.app */;
			productType = "com.apple.product-type.application";
		};
		194E82071A86FF06005E8AA6 /* ProcessButtonTests */ = {
			isa = PBXNativeTarget;
			buildConfigurationList = 194E82151A86FF06005E8AA6 /* Build configuration list for PBXNativeTarget "ProcessButtonTests" */;
			buildPhases = (
				194E82041A86FF06005E8AA6 /* Sources */,
				194E82051A86FF06005E8AA6 /* Frameworks */,
				194E82061A86FF06005E8AA6 /* Resources */,
			);
			buildRules = (
			);
			dependencies = (
				194E820A1A86FF06005E8AA6 /* PBXTargetDependency */,
			);
			name = ProcessButtonTests;
			productName = ProcessButtonTests;
			productReference = 194E82081A86FF06005E8AA6 /* ProcessButtonTests.xctest */;
			productType = "com.apple.product-type.bundle.unit-test";
		};
/* End PBXNativeTarget section */

/* Begin PBXProject section */
		194E81EB1A86FF06005E8AA6 /* Project object */ = {
			isa = PBXProject;
			attributes = {
				LastUpgradeCheck = 0610;
				ORGANIZATIONNAME = "Vidar Ottosson";
				TargetAttributes = {
					194E81F21A86FF06005E8AA6 = {
						CreatedOnToolsVersion = 6.1.1;
						DevelopmentTeam = 7TEH6DXDRM;
					};
					194E82071A86FF06005E8AA6 = {
						CreatedOnToolsVersion = 6.1.1;
						TestTargetID = 194E81F21A86FF06005E8AA6;
					};
				};
			};
			buildConfigurationList = 194E81EE1A86FF06005E8AA6 /* Build configuration list for PBXProject "ProcessButton" */;
			compatibilityVersion = "Xcode 3.2";
			developmentRegion = English;
			hasScannedForEncodings = 0;
			knownRegions = (
				en,
				Base,
			);
			mainGroup = 194E81EA1A86FF06005E8AA6;
			productRefGroup = 194E81F41A86FF06005E8AA6 /* Products */;
			projectDirPath = "";
			projectRoot = "";
			targets = (
				194E81F21A86FF06005E8AA6 /* ProcessButton */,
				194E82071A86FF06005E8AA6 /* ProcessButtonTests */,
			);
		};
/* End PBXProject section */

/* Begin PBXResourcesBuildPhase section */
		194E81F11A86FF06005E8AA6 /* Resources */ = {
			isa = PBXResourcesBuildPhase;
			buildActionMask = 2147483647;
			files = (
				194E81FE1A86FF06005E8AA6 /* Main.storyboard in Resources */,
				194E82001A86FF06005E8AA6 /* Images.xcassets in Resources */,
			);
			runOnlyForDeploymentPostprocessing = 0;
		};
		194E82061A86FF06005E8AA6 /* Resources */ = {
			isa = PBXResourcesBuildPhase;
			buildActionMask = 2147483647;
			files = (
			);
			runOnlyForDeploymentPostprocessing = 0;
		};
/* End PBXResourcesBuildPhase section */

/* Begin PBXSourcesBuildPhase section */
		194E81EF1A86FF06005E8AA6 /* Sources */ = {
			isa = PBXSourcesBuildPhase;
			buildActionMask = 2147483647;
			files = (
				193632911A8FF8FF0022DCEF /* ProcessButtonUtil.swift in Sources */,
				194E82211A870069005E8AA6 /* ProcessView.swift in Sources */,
				194E81FB1A86FF06005E8AA6 /* ViewController.swift in Sources */,
				194E821B1A86FF8E005E8AA6 /* Util.swift in Sources */,
				194E821F1A870025005E8AA6 /* ProcessButton.swift in Sources */,
				194E821D1A86FFF8005E8AA6 /* FlatButton.swift in Sources */,
				194E81F91A86FF06005E8AA6 /* AppDelegate.swift in Sources */,
			);
			runOnlyForDeploymentPostprocessing = 0;
		};
		194E82041A86FF06005E8AA6 /* Sources */ = {
			isa = PBXSourcesBuildPhase;
			buildActionMask = 2147483647;
			files = (
				194E820F1A86FF06005E8AA6 /* ProcessButtonTests.swift in Sources */,
			);
			runOnlyForDeploymentPostprocessing = 0;
		};
/* End PBXSourcesBuildPhase section */

/* Begin PBXTargetDependency section */
		194E820A1A86FF06005E8AA6 /* PBXTargetDependency */ = {
			isa = PBXTargetDependency;
			target = 194E81F21A86FF06005E8AA6 /* ProcessButton */;
			targetProxy = 194E82091A86FF06005E8AA6 /* PBXContainerItemProxy */;
		};
/* End PBXTargetDependency section */

/* Begin PBXVariantGroup section */
		194E81FC1A86FF06005E8AA6 /* Main.storyboard */ = {
			isa = PBXVariantGroup;
			children = (
				194E81FD1A86FF06005E8AA6 /* Base */,
			);
			name = Main.storyboard;
			sourceTree = "<group>";
		};
/* End PBXVariantGroup section */

/* Begin XCBuildConfiguration section */
		194E82101A86FF06005E8AA6 /* Debug */ = {
			isa = XCBuildConfiguration;
			buildSettings = {
				ALWAYS_SEARCH_USER_PATHS = NO;
				CLANG_CXX_LANGUAGE_STANDARD = "gnu++0x";
				CLANG_CXX_LIBRARY = "libc++";
				CLANG_ENABLE_MODULES = YES;
				CLANG_ENABLE_OBJC_ARC = YES;
				CLANG_WARN_BOOL_CONVERSION = YES;
				CLANG_WARN_CONSTANT_CONVERSION = YES;
				CLANG_WARN_DIRECT_OBJC_ISA_USAGE = YES_ERROR;
				CLANG_WARN_EMPTY_BODY = YES;
				CLANG_WARN_ENUM_CONVERSION = YES;
				CLANG_WARN_INT_CONVERSION = YES;
				CLANG_WARN_OBJC_ROOT_CLASS = YES_ERROR;
				CLANG_WARN_UNREACHABLE_CODE = YES;
				CLANG_WARN__DUPLICATE_METHOD_MATCH = YES;
				"CODE_SIGN_IDENTITY[sdk=iphoneos*]" = "iPhone Developer";
				COPY_PHASE_STRIP = NO;
				ENABLE_STRICT_OBJC_MSGSEND = YES;
				GCC_C_LANGUAGE_STANDARD = gnu99;
				GCC_DYNAMIC_NO_PIC = NO;
				GCC_OPTIMIZATION_LEVEL = 0;
				GCC_PREPROCESSOR_DEFINITIONS = (
					"DEBUG=1",
					"$(inherited)",
				);
				GCC_SYMBOLS_PRIVATE_EXTERN = NO;
				GCC_WARN_64_TO_32_BIT_CONVERSION = YES;
				GCC_WARN_ABOUT_RETURN_TYPE = YES_ERROR;
				GCC_WARN_UNDECLARED_SELECTOR = YES;
				GCC_WARN_UNINITIALIZED_AUTOS = YES_AGGRESSIVE;
				GCC_WARN_UNUSED_FUNCTION = YES;
				GCC_WARN_UNUSED_VARIABLE = YES;
				IPHONEOS_DEPLOYMENT_TARGET = 8.1;
				MTL_ENABLE_DEBUG_INFO = YES;
				ONLY_ACTIVE_ARCH = YES;
				SDKROOT = iphoneos;
				SWIFT_OPTIMIZATION_LEVEL = "-Onone";
			};
			name = Debug;
		};
		194E82111A86FF06005E8AA6 /* Release */ = {
			isa = XCBuildConfiguration;
			buildSettings = {
				ALWAYS_SEARCH_USER_PATHS = NO;
				CLANG_CXX_LANGUAGE_STANDARD = "gnu++0x";
				CLANG_CXX_LIBRARY = "libc++";
				CLANG_ENABLE_MODULES = YES;
				CLANG_ENABLE_OBJC_ARC = YES;
				CLANG_WARN_BOOL_CONVERSION = YES;
				CLANG_WARN_CONSTANT_CONVERSION = YES;
				CLANG_WARN_DIRECT_OBJC_ISA_USAGE = YES_ERROR;
				CLANG_WARN_EMPTY_BODY = YES;
				CLANG_WARN_ENUM_CONVERSION = YES;
				CLANG_WARN_INT_CONVERSION = YES;
				CLANG_WARN_OBJC_ROOT_CLASS = YES_ERROR;
				CLANG_WARN_UNREACHABLE_CODE = YES;
				CLANG_WARN__DUPLICATE_METHOD_MATCH = YES;
				"CODE_SIGN_IDENTITY[sdk=iphoneos*]" = "iPhone Developer";
				COPY_PHASE_STRIP = YES;
				ENABLE_NS_ASSERTIONS = NO;
				ENABLE_STRICT_OBJC_MSGSEND = YES;
				GCC_C_LANGUAGE_STANDARD = gnu99;
				GCC_WARN_64_TO_32_BIT_CONVERSION = YES;
				GCC_WARN_ABOUT_RETURN_TYPE = YES_ERROR;
				GCC_WARN_UNDECLARED_SELECTOR = YES;
				GCC_WARN_UNINITIALIZED_AUTOS = YES_AGGRESSIVE;
				GCC_WARN_UNUSED_FUNCTION = YES;
				GCC_WARN_UNUSED_VARIABLE = YES;
				IPHONEOS_DEPLOYMENT_TARGET = 8.1;
				MTL_ENABLE_DEBUG_INFO = NO;
				SDKROOT = iphoneos;
				VALIDATE_PRODUCT = YES;
			};
			name = Release;
		};
		194E82131A86FF06005E8AA6 /* Debug */ = {
			isa = XCBuildConfiguration;
			buildSettings = {
				ASSETCATALOG_COMPILER_APPICON_NAME = AppIcon;
				CODE_SIGN_IDENTITY = "iPhone Developer";
				"CODE_SIGN_IDENTITY[sdk=iphoneos*]" = "iPhone Developer";
				INFOPLIST_FILE = ProcessButton/Info.plist;
				IPHONEOS_DEPLOYMENT_TARGET = 8.0;
				LD_RUNPATH_SEARCH_PATHS = "$(inherited) @executable_path/Frameworks";
				PRODUCT_NAME = "$(TARGET_NAME)";
				PROVISIONING_PROFILE = "";
				TARGETED_DEVICE_FAMILY = "1,2";
			};
			name = Debug;
		};
		194E82141A86FF06005E8AA6 /* Release */ = {
			isa = XCBuildConfiguration;
			buildSettings = {
				ASSETCATALOG_COMPILER_APPICON_NAME = AppIcon;
				CODE_SIGN_IDENTITY = "iPhone Developer";
				"CODE_SIGN_IDENTITY[sdk=iphoneos*]" = "iPhone Developer";
				INFOPLIST_FILE = ProcessButton/Info.plist;
				IPHONEOS_DEPLOYMENT_TARGET = 8.0;
				LD_RUNPATH_SEARCH_PATHS = "$(inherited) @executable_path/Frameworks";
				PRODUCT_NAME = "$(TARGET_NAME)";
				PROVISIONING_PROFILE = "";
				TARGETED_DEVICE_FAMILY = "1,2";
			};
			name = Release;
		};
		194E82161A86FF06005E8AA6 /* Debug */ = {
			isa = XCBuildConfiguration;
			buildSettings = {
				BUNDLE_LOADER = "$(TEST_HOST)";
				FRAMEWORK_SEARCH_PATHS = (
					"$(SDKROOT)/Developer/Library/Frameworks",
					"$(inherited)",
				);
				GCC_PREPROCESSOR_DEFINITIONS = (
					"DEBUG=1",
					"$(inherited)",
				);
				INFOPLIST_FILE = ProcessButtonTests/Info.plist;
				LD_RUNPATH_SEARCH_PATHS = "$(inherited) @executable_path/Frameworks @loader_path/Frameworks";
				PRODUCT_NAME = "$(TARGET_NAME)";
				TEST_HOST = "$(BUILT_PRODUCTS_DIR)/ProcessButton.app/ProcessButton";
			};
			name = Debug;
		};
		194E82171A86FF06005E8AA6 /* Release */ = {
			isa = XCBuildConfiguration;
			buildSettings = {
				BUNDLE_LOADER = "$(TEST_HOST)";
				FRAMEWORK_SEARCH_PATHS = (
					"$(SDKROOT)/Developer/Library/Frameworks",
					"$(inherited)",
				);
				INFOPLIST_FILE = ProcessButtonTests/Info.plist;
				LD_RUNPATH_SEARCH_PATHS = "$(inherited) @executable_path/Frameworks @loader_path/Frameworks";
				PRODUCT_NAME = "$(TARGET_NAME)";
				TEST_HOST = "$(BUILT_PRODUCTS_DIR)/ProcessButton.app/ProcessButton";
			};
			name = Release;
		};
/* End XCBuildConfiguration section */

/* Begin XCConfigurationList section */
		194E81EE1A86FF06005E8AA6 /* Build configuration list for PBXProject "ProcessButton" */ = {
			isa = XCConfigurationList;
			buildConfigurations = (
				194E82101A86FF06005E8AA6 /* Debug */,
				194E82111A86FF06005E8AA6 /* Release */,
			);
			defaultConfigurationIsVisible = 0;
			defaultConfigurationName = Release;
		};
		194E82121A86FF06005E8AA6 /* Build configuration list for PBXNativeTarget "ProcessButton" */ = {
			isa = XCConfigurationList;
			buildConfigurations = (
				194E82131A86FF06005E8AA6 /* Debug */,
				194E82141A86FF06005E8AA6 /* Release */,
			);
			defaultConfigurationIsVisible = 0;
			defaultConfigurationName = Release;
		};
		194E82151A86FF06005E8AA6 /* Build configuration list for PBXNativeTarget "ProcessButtonTests" */ = {
			isa = XCConfigurationList;
			buildConfigurations = (
				194E82161A86FF06005E8AA6 /* Debug */,
				194E82171A86FF06005E8AA6 /* Release */,
			);
			defaultConfigurationIsVisible = 0;
			defaultConfigurationName = Release;
		};
/* End XCConfigurationList section */
	};
	rootObject = 194E81EB1A86FF06005E8AA6 /* Project object */;
}
